
Microsoft Visual Studio Solution File, Format Version 12.00
# Visual Studio Version 17
VisualStudioVersion = 17.8.34330.188
MinimumVisualStudioVersion = 10.0.40219.1
Project("{FAE04EC0-301F-11D3-BF4B-00C04F79EFBC}") = "SpeechGenApp", "FunctionApp1\SpeechGenApp.csproj", "{4682585F-B057-4F2E-B8DD-B0956C30071C}"
EndProject
Global
	GlobalSection(SolutionConfigurationPlatforms) = preSolution
		Debug|Any CPU = Debug|Any CPU
		Release|Any CPU = Release|Any CPU
	EndGlobalSection
	GlobalSection(ProjectConfigurationPlatforms) = postSolution
		{4682585F-B057-4F2E-B8DD-B0956C30071C}.Debug|Any CPU.ActiveCfg = Debug|Any CPU
		{4682585F-B057-4F2E-B8DD-B0956C30071C}.Debug|Any CPU.Build.0 = Debug|Any CPU
		{4682585F-B057-4F2E-B8DD-B0956C30071C}.Release|Any CPU.ActiveCfg = Release|Any CPU
		{4682585F-B057-4F2E-B8DD-B0956C30071C}.Release|Any CPU.Build.0 = Release|Any CPU
	EndGlobalSection
	GlobalSection(SolutionProperties) = preSolution
		HideSolutionNode = FALSE
	EndGlobalSection
	GlobalSection(ExtensibilityGlobals) = postSolution
		SolutionGuid = {A541026C-D496-4C52-81A2-4C6F69F2E19A}
	EndGlobalSection
EndGlobal
